
Microsoft Visual Studio Solution File, Format Version 12.00
# Visual Studio Version 16
VisualStudioVersion = 16.0.31702.278
MinimumVisualStudioVersion = 10.0.40219.1
Project("{FAE04EC0-301F-11D3-BF4B-00C04F79EFBC}") = "thinkTwice", "thinkTwice.csproj", "{C3DF706D-6173-444F-8767-046F8EA4B48B}"
EndProject
Global
	GlobalSection(SolutionConfigurationPlatforms) = preSolution
		Debug|Any CPU = Debug|Any CPU
		Release|Any CPU = Release|Any CPU
	EndGlobalSection
	GlobalSection(ProjectConfigurationPlatforms) = postSolution
		{C3DF706D-6173-444F-8767-046F8EA4B48B}.Debug|Any CPU.ActiveCfg = Debug|Any CPU
		{C3DF706D-6173-444F-8767-046F8EA4B48B}.Debug|Any CPU.Build.0 = Debug|Any CPU
		{C3DF706D-6173-444F-8767-046F8EA4B48B}.Release|Any CPU.ActiveCfg = Release|Any CPU
		{C3DF706D-6173-444F-8767-046F8EA4B48B}.Release|Any CPU.Build.0 = Release|Any CPU
	EndGlobalSection
	GlobalSection(SolutionProperties) = preSolution
		HideSolutionNode = FALSE
	EndGlobalSection
	GlobalSection(ExtensibilityGlobals) = postSolution
		SolutionGuid = {88917C4A-151B-47F2-822E-3B05B6639B97}
	EndGlobalSection
EndGlobal
